github.com/containerd/cgroups/v2 v2.0.0-20221109034041-cc78c6c1e32d h1:gfwJ/MHZGr5PdfUf2oMZjbJyPhKIIN1m46Sdm1FIodM=
github.com/containerd/cgroups/v2 v2.0.0-20221109034041-cc78c6c1e32d/go.mod h1:nno7catpBPPU5fP1B4f1c1B5B5v8VTs+U2z62ZsTzSE=
github.com/coreos/go-systemd v0.0.0-20191104093116-d3cd4ed1dbcf h1:iW4rZ826su+pqaw19uhpSCzhj44qo35pNgKFGqzDKkU=
github.com/coreos/go-systemd v0.0.0-20191104093116-d3cd4ed1dbcf/go.mod h1:F5haX7vjVVG0kc13fIWeqUViNPyEJxv/OmvnBo0Yme4=
github.com/opencontainers/runtime-spec v1.2.1 h1:S4k4ryNgEpxW1dzyqffOmhI1BHYcjzU8lpJfSlR0xww=
github.com/opencontainers/runtime-spec v1.2.1/go.mod h1:jwyrGlmzljRJv/Fgzds9SsS/C5hL+LL3ko9hs6T5lQ0=
golang.org/x/sys v0.0.0-20210906170528-6f6e22806c34 h1:GkvMjFtXUmahfDtashnc1mnrCtuBVcwse5QV2lUk/tI=
golang.org/x/sys v0.0.0-20210906170528-6f6e22806c34/go.mod h1:oPkhp1MJrh7nUepCBck5+mAzfO9JrbApNNgaTdGDITg=
